// !$*UTF8*$!
{
	archiveVersion = 1;
	classes = {
	};
	objectVersion = 55;
	objects = {

/* Begin PBXBuildFile section */
		2514D0322875FA9D0021A4E1 /* Landmark.swift in Sources */ = {isa = PBXBuildFile; fileRef = 2514D0312875FA9D0021A4E1 /* Landmark.swift */; };
		2514D0352875FC6D0021A4E1 /* ModelData.swift in Sources */ = {isa = PBXBuildFile; fileRef = 2514D0342875FC6D0021A4E1 /* ModelData.swift */; };
		2514D03C2875FF640021A4E1 /* LandmarkRow.swift in Sources */ = {isa = PBXBuildFile; fileRef = 2514D03B2875FF640021A4E1 /* LandmarkRow.swift */; };
		252FD6BD2876006C000E4B1E /* landmarkData.json in Resources */ = {isa = PBXBuildFile; fileRef = 252FD6BC2876006C000E4B1E /* landmarkData.json */; };
		25D0D8DA2875F0FC00B63CF3 /* MapView.swift in Sources */ = {isa = PBXBuildFile; fileRef = 25D0D8D92875F0FC00B63CF3 /* MapView.swift */; };
		25D0D8DD2875F33000B63CF3 /* CircleImage.swift in Sources */ = {isa = PBXBuildFile; fileRef = 25D0D8DC2875F33000B63CF3 /* CircleImage.swift */; };
		5C20F8972A633C1900646C20 /* hikeData.json in Resources */ = {isa = PBXBuildFile; fileRef = 5C20F8962A633C1900646C20 /* hikeData.json */; };
		5C20F8992A633C5400646C20 /* Hike.swift in Sources */ = {isa = PBXBuildFile; fileRef = 5C20F8982A633C5400646C20 /* Hike.swift */; };
		5C20F8A02A633D5200646C20 /* GraphCapsule.swift in Sources */ = {isa = PBXBuildFile; fileRef = 5C20F89C2A633D5200646C20 /* GraphCapsule.swift */; };
		5C20F8A22A633D5200646C20 /* HikeGraph.swift in Sources */ = {isa = PBXBuildFile; fileRef = 5C20F89D2A633D5200646C20 /* HikeGraph.swift */; };
		5C20F8A42A633D5200646C20 /* HikeDetail.swift in Sources */ = {isa = PBXBuildFile; fileRef = 5C20F89E2A633D5200646C20 /* HikeDetail.swift */; };
		5C20F8A62A633D5200646C20 /* HikeView.swift in Sources */ = {isa = PBXBuildFile; fileRef = 5C20F89F2A633D5200646C20 /* HikeView.swift */; };
		5C20F8AA2A6342EF00646C20 /* CategroyHome.swift in Sources */ = {isa = PBXBuildFile; fileRef = 5C20F8A92A6342EF00646C20 /* CategroyHome.swift */; };
		5C20F8B02A6345CB00646C20 /* CategoryRow.swift in Sources */ = {isa = PBXBuildFile; fileRef = 5C20F8AF2A6345CB00646C20 /* CategoryRow.swift */; };
		5C20F8B32A6347FE00646C20 /* CategoryIem.swift in Sources */ = {isa = PBXBuildFile; fileRef = 5C20F8B22A6347FE00646C20 /* CategoryIem.swift */; };
		5C20F8B62A63B92B00646C20 /* Profile.swift in Sources */ = {isa = PBXBuildFile; fileRef = 5C20F8B52A63B92B00646C20 /* Profile.swift */; };
		5C20F8B92A63BA2500646C20 /* ProfileHost.swift in Sources */ = {isa = PBXBuildFile; fileRef = 5C20F8B82A63BA2500646C20 /* ProfileHost.swift */; };
		5C20F8BD2A63BA9000646C20 /* ProfileSummary.swift in Sources */ = {isa = PBXBuildFile; fileRef = 5C20F8BC2A63BA9000646C20 /* ProfileSummary.swift */; };
		5C20F8C02A63BCB100646C20 /* HikeBadge.swift in Sources */ = {isa = PBXBuildFile; fileRef = 5C20F8BF2A63BCB100646C20 /* HikeBadge.swift */; };
		5C55DF8C2A686A1400ED6DDA /* ProfileEditor.swift in Sources */ = {isa = PBXBuildFile; fileRef = 5C55DF8B2A686A1400ED6DDA /* ProfileEditor.swift */; };
		5C55DF902A686F6E00ED6DDA /* PageViewController.swift in Sources */ = {isa = PBXBuildFile; fileRef = 5C55DF8F2A686F6E00ED6DDA /* PageViewController.swift */; };
		5C55DF932A692B3D00ED6DDA /* FeatureCard.swift in Sources */ = {isa = PBXBuildFile; fileRef = 5C55DF922A692B3D00ED6DDA /* FeatureCard.swift */; };
		5C55DF962A692CCB00ED6DDA /* PageView.swift in Sources */ = {isa = PBXBuildFile; fileRef = 5C55DF952A692CCB00ED6DDA /* PageView.swift */; };
		5C55DF992A6932CE00ED6DDA /* PageControll.swift in Sources */ = {isa = PBXBuildFile; fileRef = 5C55DF982A6932CE00ED6DDA /* PageControll.swift */; };
		5C8A54192A5F1A15008B1D70 /* FavouriteButton.swift in Sources */ = {isa = PBXBuildFile; fileRef = 5C8A54182A5F1A15008B1D70 /* FavouriteButton.swift */; };
		5C8A541E2A5F1FB0008B1D70 /* HexagonParameters.swift in Sources */ = {isa = PBXBuildFile; fileRef = 5C8A541D2A5F1FB0008B1D70 /* HexagonParameters.swift */; };
		5C8A54212A5F20CE008B1D70 /* BadgeBackground.swift in Sources */ = {isa = PBXBuildFile; fileRef = 5C8A54202A5F20CE008B1D70 /* BadgeBackground.swift */; };
		5C8A54262A606905008B1D70 /* BadgeSymbol.swift in Sources */ = {isa = PBXBuildFile; fileRef = 5C8A54252A606905008B1D70 /* BadgeSymbol.swift */; };
		5C8A54292A606A8C008B1D70 /* RotatedBadgeSymbol.swift in Sources */ = {isa = PBXBuildFile; fileRef = 5C8A54282A606A8C008B1D70 /* RotatedBadgeSymbol.swift */; };
		5C8A542C2A606B84008B1D70 /* Badge.swift in Sources */ = {isa = PBXBuildFile; fileRef = 5C8A542B2A606B84008B1D70 /* Badge.swift */; };
		CE3E70BF28632AC5000CC98E /* SwiftUIPracticeApp.swift in Sources */ = {isa = PBXBuildFile; fileRef = CE3E70AF28632AC4000CC98E /* SwiftUIPracticeApp.swift */; };
		CE3E70C128632AC5000CC98E /* ContentView.swift in Sources */ = {isa = PBXBuildFile; fileRef = CE3E70B028632AC4000CC98E /* ContentView.swift */; };
		CE3E70C328632AC5000CC98E /* Assets.xcassets in Resources */ = {isa = PBXBuildFile; fileRef = CE3E70B128632AC5000CC98E /* Assets.xcassets */; };
		CEA058782877D89800EB11A5 /* LandmarkList.swift in Sources */ = {isa = PBXBuildFile; fileRef = CEA058772877D89800EB11A5 /* LandmarkList.swift */; };
		CEA0587B2877DD3700EB11A5 /* LandmarkDetail.swift in Sources */ = {isa = PBXBuildFile; fileRef = CEA0587A2877DD3700EB11A5 /* LandmarkDetail.swift */; };
/* End PBXBuildFile section */

/* Begin PBXFileReference section */
		2514D0312875FA9D0021A4E1 /* Landmark.swift */ = {isa = PBXFileReference; lastKnownFileType = sourcecode.swift; path = Landmark.swift; sourceTree = "<group>"; };
		2514D0342875FC6D0021A4E1 /* ModelData.swift */ = {isa = PBXFileReference; lastKnownFileType = sourcecode.swift; path = ModelData.swift; sourceTree = "<group>"; };
		2514D03B2875FF640021A4E1 /* LandmarkRow.swift */ = {isa = PBXFileReference; lastKnownFileType = sourcecode.swift; path = LandmarkRow.swift; sourceTree = "<group>"; };
		252FD6BC2876006C000E4B1E /* landmarkData.json */ = {isa = PBXFileReference; fileEncoding = 4; lastKnownFileType = text.json; path = landmarkData.json; sourceTree = "<group>"; };
		25D0D8D92875F0FC00B63CF3 /* MapView.swift */ = {isa = PBXFileReference; lastKnownFileType = sourcecode.swift; path = MapView.swift; sourceTree = "<group>"; };
		25D0D8DC2875F33000B63CF3 /* CircleImage.swift */ = {isa = PBXFileReference; lastKnownFileType = sourcecode.swift; path = CircleImage.swift; sourceTree = "<group>"; };
		5C20F8962A633C1900646C20 /* hikeData.json */ = {isa = PBXFileReference; fileEncoding = 4; lastKnownFileType = text.json; path = hikeData.json; sourceTree = "<group>"; };
		5C20F8982A633C5400646C20 /* Hike.swift */ = {isa = PBXFileReference; lastKnownFileType = sourcecode.swift; path = Hike.swift; sourceTree = "<group>"; };
		5C20F89C2A633D5200646C20 /* GraphCapsule.swift */ = {isa = PBXFileReference; fileEncoding = 4; lastKnownFileType = sourcecode.swift; path = GraphCapsule.swift; sourceTree = "<group>"; };
		5C20F89D2A633D5200646C20 /* HikeGraph.swift */ = {isa = PBXFileReference; fileEncoding = 4; lastKnownFileType = sourcecode.swift; path = HikeGraph.swift; sourceTree = "<group>"; };
		5C20F89E2A633D5200646C20 /* HikeDetail.swift */ = {isa = PBXFileReference; fileEncoding = 4; lastKnownFileType = sourcecode.swift; path = HikeDetail.swift; sourceTree = "<group>"; };
		5C20F89F2A633D5200646C20 /* HikeView.swift */ = {isa = PBXFileReference; fileEncoding = 4; lastKnownFileType = sourcecode.swift; path = HikeView.swift; sourceTree = "<group>"; };
		5C20F8A92A6342EF00646C20 /* CategroyHome.swift */ = {isa = PBXFileReference; lastKnownFileType = sourcecode.swift; path = CategroyHome.swift; sourceTree = "<group>"; };
		5C20F8AF2A6345CB00646C20 /* CategoryRow.swift */ = {isa = PBXFileReference; lastKnownFileType = sourcecode.swift; path = CategoryRow.swift; sourceTree = "<group>"; };
		5C20F8B22A6347FE00646C20 /* CategoryIem.swift */ = {isa = PBXFileReference; lastKnownFileType = sourcecode.swift; path = CategoryIem.swift; sourceTree = "<group>"; };
		5C20F8B52A63B92B00646C20 /* Profile.swift */ = {isa = PBXFileReference; lastKnownFileType = sourcecode.swift; path = Profile.swift; sourceTree = "<group>"; };
		5C20F8B82A63BA2500646C20 /* ProfileHost.swift */ = {isa = PBXFileReference; lastKnownFileType = sourcecode.swift; path = ProfileHost.swift; sourceTree = "<group>"; };
		5C20F8BC2A63BA9000646C20 /* ProfileSummary.swift */ = {isa = PBXFileReference; lastKnownFileType = sourcecode.swift; path = ProfileSummary.swift; sourceTree = "<group>"; };
		5C20F8BF2A63BCB100646C20 /* HikeBadge.swift */ = {isa = PBXFileReference; lastKnownFileType = sourcecode.swift; path = HikeBadge.swift; sourceTree = "<group>"; };
		5C55DF8B2A686A1400ED6DDA /* ProfileEditor.swift */ = {isa = PBXFileReference; lastKnownFileType = sourcecode.swift; path = ProfileEditor.swift; sourceTree = "<group>"; };
		5C55DF8F2A686F6E00ED6DDA /* PageViewController.swift */ = {isa = PBXFileReference; lastKnownFileType = sourcecode.swift; path = PageViewController.swift; sourceTree = "<group>"; };
		5C55DF922A692B3D00ED6DDA /* FeatureCard.swift */ = {isa = PBXFileReference; lastKnownFileType = sourcecode.swift; path = FeatureCard.swift; sourceTree = "<group>"; };
		5C55DF952A692CCB00ED6DDA /* PageView.swift */ = {isa = PBXFileReference; lastKnownFileType = sourcecode.swift; path = PageView.swift; sourceTree = "<group>"; };
		5C55DF982A6932CE00ED6DDA /* PageControll.swift */ = {isa = PBXFileReference; lastKnownFileType = sourcecode.swift; path = PageControll.swift; sourceTree = "<group>"; };
		5C8A54182A5F1A15008B1D70 /* FavouriteButton.swift */ = {isa = PBXFileReference; lastKnownFileType = sourcecode.swift; path = FavouriteButton.swift; sourceTree = "<group>"; };
		5C8A541D2A5F1FB0008B1D70 /* HexagonParameters.swift */ = {isa = PBXFileReference; lastKnownFileType = sourcecode.swift; path = HexagonParameters.swift; sourceTree = "<group>"; };
		5C8A54202A5F20CE008B1D70 /* BadgeBackground.swift */ = {isa = PBXFileReference; lastKnownFileType = sourcecode.swift; path = BadgeBackground.swift; sourceTree = "<group>"; };
		5C8A54252A606905008B1D70 /* BadgeSymbol.swift */ = {isa = PBXFileReference; lastKnownFileType = sourcecode.swift; path = BadgeSymbol.swift; sourceTree = "<group>"; };
		5C8A54282A606A8C008B1D70 /* RotatedBadgeSymbol.swift */ = {isa = PBXFileReference; lastKnownFileType = sourcecode.swift; path = RotatedBadgeSymbol.swift; sourceTree = "<group>"; };
		5C8A542B2A606B84008B1D70 /* Badge.swift */ = {isa = PBXFileReference; lastKnownFileType = sourcecode.swift; path = Badge.swift; sourceTree = "<group>"; };
		CE3E70AF28632AC4000CC98E /* SwiftUIPracticeApp.swift */ = {isa = PBXFileReference; lastKnownFileType = sourcecode.swift; path = SwiftUIPracticeApp.swift; sourceTree = "<group>"; };
		CE3E70B028632AC4000CC98E /* ContentView.swift */ = {isa = PBXFileReference; lastKnownFileType = sourcecode.swift; path = ContentView.swift; sourceTree = "<group>"; };
		CE3E70B128632AC5000CC98E /* Assets.xcassets */ = {isa = PBXFileReference; lastKnownFileType = folder.assetcatalog; path = Assets.xcassets; sourceTree = "<group>"; };
		CE3E70B628632AC5000CC98E /* SwiftUIPractice.app */ = {isa = PBXFileReference; explicitFileType = wrapper.application; includeInIndex = 0; path = SwiftUIPractice.app; sourceTree = BUILT_PRODUCTS_DIR; };
		CE3E70BE28632AC5000CC98E /* macOS.entitlements */ = {isa = PBXFileReference; lastKnownFileType = text.plist.entitlements; path = macOS.entitlements; sourceTree = "<group>"; };
		CEA058772877D89800EB11A5 /* LandmarkList.swift */ = {isa = PBXFileReference; lastKnownFileType = sourcecode.swift; path = LandmarkList.swift; sourceTree = "<group>"; };
		CEA0587A2877DD3700EB11A5 /* LandmarkDetail.swift */ = {isa = PBXFileReference; lastKnownFileType = sourcecode.swift; path = LandmarkDetail.swift; sourceTree = "<group>"; };
/* End PBXFileReference section */

/* Begin PBXFrameworksBuildPhase section */
		CE3E70B328632AC5000CC98E /* Frameworks */ = {
			isa = PBXFrameworksBuildPhase;
			buildActionMask = 2147483647;
			files = (
			);
			runOnlyForDeploymentPostprocessing = 0;
		};
/* End PBXFrameworksBuildPhase section */

/* Begin PBXGroup section */
		2514D0302875FA180021A4E1 /* Model */ = {
			isa = PBXGroup;
			children = (
				2514D0312875FA9D0021A4E1 /* Landmark.swift */,
				2514D0342875FC6D0021A4E1 /* ModelData.swift */,
				5C20F8B52A63B92B00646C20 /* Profile.swift */,
			);
			path = Model;
			sourceTree = "<group>";
		};
		2514D03A2875FEFE0021A4E1 /* Views */ = {
			isa = PBXGroup;
			children = (
				CE3E70B028632AC4000CC98E /* ContentView.swift */,
				5C20F8A82A6342D900646C20 /* Categories */,
				5C8A541B2A5F1D28008B1D70 /* Landmarks */,
				5C8A541C2A5F1D3E008B1D70 /* Helpers */,
				5C8A542E2A606CA5008B1D70 /* Badge */,
				5C20F8BB2A63BA6B00646C20 /* Profile */,
				5C55DF8E2A686F4D00ED6DDA /* PageView */,
			);
			path = Views;
			sourceTree = "<group>";
		};
		252FD6BB28760056000E4B1E /* Resources */ = {
			isa = PBXGroup;
			children = (
				5C20F89B2A633D5200646C20 /* Hikes */,
				5C20F8962A633C1900646C20 /* hikeData.json */,
				252FD6BC2876006C000E4B1E /* landmarkData.json */,
			);
			path = Resources;
			sourceTree = "<group>";
		};
		5C20F89B2A633D5200646C20 /* Hikes */ = {
			isa = PBXGroup;
			children = (
				5C20F89C2A633D5200646C20 /* GraphCapsule.swift */,
				5C20F89D2A633D5200646C20 /* HikeGraph.swift */,
				5C20F89E2A633D5200646C20 /* HikeDetail.swift */,
				5C20F89F2A633D5200646C20 /* HikeView.swift */,
			);
			path = Hikes;
			sourceTree = "<group>";
		};
		5C20F8A82A6342D900646C20 /* Categories */ = {
			isa = PBXGroup;
			children = (
				5C20F8A92A6342EF00646C20 /* CategroyHome.swift */,
				5C20F8AF2A6345CB00646C20 /* CategoryRow.swift */,
				5C20F8B22A6347FE00646C20 /* CategoryIem.swift */,
			);
			path = Categories;
			sourceTree = "<group>";
		};
		5C20F8BB2A63BA6B00646C20 /* Profile */ = {
			isa = PBXGroup;
			children = (
				5C20F8B82A63BA2500646C20 /* ProfileHost.swift */,
				5C55DF8B2A686A1400ED6DDA /* ProfileEditor.swift */,
				5C20F8BC2A63BA9000646C20 /* ProfileSummary.swift */,
			);
			path = Profile;
			sourceTree = "<group>";
		};
		5C55DF8E2A686F4D00ED6DDA /* PageView */ = {
			isa = PBXGroup;
			children = (
				5C55DF8F2A686F6E00ED6DDA /* PageViewController.swift */,
				5C55DF952A692CCB00ED6DDA /* PageView.swift */,
				5C55DF982A6932CE00ED6DDA /* PageControll.swift */,
				5C55DF922A692B3D00ED6DDA /* FeatureCard.swift */,
			);
			path = PageView;
			sourceTree = "<group>";
		};
		5C8A541B2A5F1D28008B1D70 /* Landmarks */ = {
			isa = PBXGroup;
			children = (
				2514D03B2875FF640021A4E1 /* LandmarkRow.swift */,
				CEA058772877D89800EB11A5 /* LandmarkList.swift */,
				CEA0587A2877DD3700EB11A5 /* LandmarkDetail.swift */,
			);
			path = Landmarks;
			sourceTree = "<group>";
		};
		5C8A541C2A5F1D3E008B1D70 /* Helpers */ = {
			isa = PBXGroup;
			children = (
				25D0D8DC2875F33000B63CF3 /* CircleImage.swift */,
				25D0D8D92875F0FC00B63CF3 /* MapView.swift */,
				5C8A54182A5F1A15008B1D70 /* FavouriteButton.swift */,
			);
			path = Helpers;
			sourceTree = "<group>";
		};
		5C8A542E2A606CA5008B1D70 /* Badge */ = {
			isa = PBXGroup;
			children = (
				5C8A541D2A5F1FB0008B1D70 /* HexagonParameters.swift */,
				5C8A54202A5F20CE008B1D70 /* BadgeBackground.swift */,
				5C8A54252A606905008B1D70 /* BadgeSymbol.swift */,
				5C8A54282A606A8C008B1D70 /* RotatedBadgeSymbol.swift */,
				5C8A542B2A606B84008B1D70 /* Badge.swift */,
				5C20F8BF2A63BCB100646C20 /* HikeBadge.swift */,
			);
			path = Badge;
			sourceTree = "<group>";
		};
		CE3E70A928632AC4000CC98E = {
			isa = PBXGroup;
			children = (
				CE3E70AE28632AC4000CC98E /* Shared */,
				CE3E70BD28632AC5000CC98E /* macOS */,
				CE3E70B728632AC5000CC98E /* Products */,
			);
			sourceTree = "<group>";
		};
		CE3E70AE28632AC4000CC98E /* Shared */ = {
			isa = PBXGroup;
			children = (
				2514D0302875FA180021A4E1 /* Model */,
				2514D03A2875FEFE0021A4E1 /* Views */,
				252FD6BB28760056000E4B1E /* Resources */,
				CE3E70AF28632AC4000CC98E /* SwiftUIPracticeApp.swift */,
				CE3E70B128632AC5000CC98E /* Assets.xcassets */,
				5C20F8982A633C5400646C20 /* Hike.swift */,
			);
			path = Shared;
			sourceTree = "<group>";
		};
		CE3E70B728632AC5000CC98E /* Products */ = {
			isa = PBXGroup;
			children = (
				CE3E70B628632AC5000CC98E /* SwiftUIPractice.app */,
			);
			name = Products;
			sourceTree = "<group>";
		};
		CE3E70BD28632AC5000CC98E /* macOS */ = {
			isa = PBXGroup;
			children = (
				CE3E70BE28632AC5000CC98E /* macOS.entitlements */,
			);
			path = macOS;
			sourceTree = "<group>";
		};
/* End PBXGroup section */

/* Begin PBXNativeTarget section */
		CE3E70B528632AC5000CC98E /* SwiftUIPractice (iOS) */ = {
			isa = PBXNativeTarget;
			buildConfigurationList = CE3E70C728632AC5000CC98E /* Build configuration list for PBXNativeTarget "SwiftUIPractice (iOS)" */;
			buildPhases = (
				CE3E70B228632AC5000CC98E /* Sources */,
				CE3E70B328632AC5000CC98E /* Frameworks */,
				CE3E70B428632AC5000CC98E /* Resources */,
			);
			buildRules = (
			);
			dependencies = (
			);
			name = "SwiftUIPractice (iOS)";
			productName = "SwiftUIPractice (iOS)";
			productReference = CE3E70B628632AC5000CC98E /* SwiftUIPractice.app */;
			productType = "com.apple.product-type.application";
		};
/* End PBXNativeTarget section */

/* Begin PBXProject section */
		CE3E70AA28632AC4000CC98E /* Project object */ = {
			isa = PBXProject;
			attributes = {
				BuildIndependentTargetsInParallel = 1;
				LastSwiftUpdateCheck = 1340;
				LastUpgradeCheck = 1400;
				TargetAttributes = {
					CE3E70B528632AC5000CC98E = {
						CreatedOnToolsVersion = 13.4;
					};
				};
			};
			buildConfigurationList = CE3E70AD28632AC4000CC98E /* Build configuration list for PBXProject "SwiftUIPractice" */;
			compatibilityVersion = "Xcode 13.0";
			developmentRegion = en;
			hasScannedForEncodings = 0;
			knownRegions = (
				en,
				Base,
			);
			mainGroup = CE3E70A928632AC4000CC98E;
			productRefGroup = CE3E70B728632AC5000CC98E /* Products */;
			projectDirPath = "";
			projectRoot = "";
			targets = (
				CE3E70B528632AC5000CC98E /* SwiftUIPractice (iOS) */,
			);
		};
/* End PBXProject section */

/* Begin PBXResourcesBuildPhase section */
		CE3E70B428632AC5000CC98E /* Resources */ = {
			isa = PBXResourcesBuildPhase;
			buildActionMask = 2147483647;
			files = (
				CE3E70C328632AC5000CC98E /* Assets.xcassets in Resources */,
				5C20F8972A633C1900646C20 /* hikeData.json in Resources */,
				252FD6BD2876006C000E4B1E /* landmarkData.json in Resources */,
			);
			runOnlyForDeploymentPostprocessing = 0;
		};
/* End PBXResourcesBuildPhase section */

/* Begin PBXSourcesBuildPhase section */
		CE3E70B228632AC5000CC98E /* Sources */ = {
			isa = PBXSourcesBuildPhase;
			buildActionMask = 2147483647;
			files = (
				5C20F8B02A6345CB00646C20 /* CategoryRow.swift in Sources */,
				5C20F8B62A63B92B00646C20 /* Profile.swift in Sources */,
				25D0D8DD2875F33000B63CF3 /* CircleImage.swift in Sources */,
				5C20F8A22A633D5200646C20 /* HikeGraph.swift in Sources */,
				5C55DF932A692B3D00ED6DDA /* FeatureCard.swift in Sources */,
				5C8A542C2A606B84008B1D70 /* Badge.swift in Sources */,
				CE3E70C128632AC5000CC98E /* ContentView.swift in Sources */,
				5C20F8A02A633D5200646C20 /* GraphCapsule.swift in Sources */,
				25D0D8DA2875F0FC00B63CF3 /* MapView.swift in Sources */,
				5C8A54192A5F1A15008B1D70 /* FavouriteButton.swift in Sources */,
				5C20F8A42A633D5200646C20 /* HikeDetail.swift in Sources */,
				5C8A541E2A5F1FB0008B1D70 /* HexagonParameters.swift in Sources */,
				5C20F8992A633C5400646C20 /* Hike.swift in Sources */,
				5C20F8BD2A63BA9000646C20 /* ProfileSummary.swift in Sources */,
				5C8A54292A606A8C008B1D70 /* RotatedBadgeSymbol.swift in Sources */,
				5C20F8B92A63BA2500646C20 /* ProfileHost.swift in Sources */,
				5C8A54262A606905008B1D70 /* BadgeSymbol.swift in Sources */,
				CEA058782877D89800EB11A5 /* LandmarkList.swift in Sources */,
				5C55DF962A692CCB00ED6DDA /* PageView.swift in Sources */,
				5C20F8A62A633D5200646C20 /* HikeView.swift in Sources */,
				5C55DF8C2A686A1400ED6DDA /* ProfileEditor.swift in Sources */,
				5C20F8B32A6347FE00646C20 /* CategoryIem.swift in Sources */,
				CEA0587B2877DD3700EB11A5 /* LandmarkDetail.swift in Sources */,
				5C55DF992A6932CE00ED6DDA /* PageControll.swift in Sources */,
				5C8A54212A5F20CE008B1D70 /* BadgeBackground.swift in Sources */,
				5C55DF902A686F6E00ED6DDA /* PageViewController.swift in Sources */,
				CE3E70BF28632AC5000CC98E /* SwiftUIPracticeApp.swift in Sources */,
				5C20F8C02A63BCB100646C20 /* HikeBadge.swift in Sources */,
				2514D0322875FA9D0021A4E1 /* Landmark.swift in Sources */,
				2514D03C2875FF640021A4E1 /* LandmarkRow.swift in Sources */,
				2514D0352875FC6D0021A4E1 /* ModelData.swift in Sources */,
				5C20F8AA2A6342EF00646C20 /* CategroyHome.swift in Sources */,
			);
			runOnlyForDeploymentPostprocessing = 0;
		};
/* End PBXSourcesBuildPhase section */

/* Begin XCBuildConfiguration section */
		CE3E70C528632AC5000CC98E /* Debug */ = {
			isa = XCBuildConfiguration;
			buildSettings = {
				ALWAYS_SEARCH_USER_PATHS = NO;
				CLANG_ANALYZER_NONNULL = YES;
				CLANG_ANALYZER_NUMBER_OBJECT_CONVERSION = YES_AGGRESSIVE;
				CLANG_CXX_LANGUAGE_STANDARD = "gnu++17";
				CLANG_ENABLE_MODULES = YES;
				CLANG_ENABLE_OBJC_ARC = YES;
				CLANG_ENABLE_OBJC_WEAK = YES;
				CLANG_WARN_BLOCK_CAPTURE_AUTORELEASING = YES;
				CLANG_WARN_BOOL_CONVERSION = YES;
				CLANG_WARN_COMMA = YES;
				CLANG_WARN_CONSTANT_CONVERSION = YES;
				CLANG_WARN_DEPRECATED_OBJC_IMPLEMENTATIONS = YES;
				CLANG_WARN_DIRECT_OBJC_ISA_USAGE = YES_ERROR;
				CLANG_WARN_DOCUMENTATION_COMMENTS = YES;
				CLANG_WARN_EMPTY_BODY = YES;
				CLANG_WARN_ENUM_CONVERSION = YES;
				CLANG_WARN_INFINITE_RECURSION = YES;
				CLANG_WARN_INT_CONVERSION = YES;
				CLANG_WARN_NON_LITERAL_NULL_CONVERSION = YES;
				CLANG_WARN_OBJC_IMPLICIT_RETAIN_SELF = YES;
				CLANG_WARN_OBJC_LITERAL_CONVERSION = YES;
				CLANG_WARN_OBJC_ROOT_CLASS = YES_ERROR;
				CLANG_WARN_QUOTED_INCLUDE_IN_FRAMEWORK_HEADER = YES;
				CLANG_WARN_RANGE_LOOP_ANALYSIS = YES;
				CLANG_WARN_STRICT_PROTOTYPES = YES;
				CLANG_WARN_SUSPICIOUS_MOVE = YES;
				CLANG_WARN_UNGUARDED_AVAILABILITY = YES_AGGRESSIVE;
				CLANG_WARN_UNREACHABLE_CODE = YES;
				CLANG_WARN__DUPLICATE_METHOD_MATCH = YES;
				COPY_PHASE_STRIP = NO;
				DEAD_CODE_STRIPPING = YES;
				DEBUG_INFORMATION_FORMAT = dwarf;
				ENABLE_STRICT_OBJC_MSGSEND = YES;
				ENABLE_TESTABILITY = YES;
				GCC_C_LANGUAGE_STANDARD = gnu11;
				GCC_DYNAMIC_NO_PIC = NO;
				GCC_NO_COMMON_BLOCKS = YES;
				GCC_OPTIMIZATION_LEVEL = 0;
				GCC_PREPROCESSOR_DEFINITIONS = (
					"DEBUG=1",
					"$(inherited)",
				);
				GCC_WARN_64_TO_32_BIT_CONVERSION = YES;
				GCC_WARN_ABOUT_RETURN_TYPE = YES_ERROR;
				GCC_WARN_UNDECLARED_SELECTOR = YES;
				GCC_WARN_UNINITIALIZED_AUTOS = YES_AGGRESSIVE;
				GCC_WARN_UNUSED_FUNCTION = YES;
				GCC_WARN_UNUSED_VARIABLE = YES;
				MTL_ENABLE_DEBUG_INFO = INCLUDE_SOURCE;
				MTL_FAST_MATH = YES;
				ONLY_ACTIVE_ARCH = YES;
				SWIFT_ACTIVE_COMPILATION_CONDITIONS = DEBUG;
				SWIFT_OPTIMIZATION_LEVEL = "-Onone";
			};
			name = Debug;
		};
		CE3E70C628632AC5000CC98E /* Release */ = {
			isa = XCBuildConfiguration;
			buildSettings = {
				ALWAYS_SEARCH_USER_PATHS = NO;
				CLANG_ANALYZER_NONNULL = YES;
				CLANG_ANALYZER_NUMBER_OBJECT_CONVERSION = YES_AGGRESSIVE;
				CLANG_CXX_LANGUAGE_STANDARD = "gnu++17";
				CLANG_ENABLE_MODULES = YES;
				CLANG_ENABLE_OBJC_ARC = YES;
				CLANG_ENABLE_OBJC_WEAK = YES;
				CLANG_WARN_BLOCK_CAPTURE_AUTORELEASING = YES;
				CLANG_WARN_BOOL_CONVERSION = YES;
				CLANG_WARN_COMMA = YES;
				CLANG_WARN_CONSTANT_CONVERSION = YES;
				CLANG_WARN_DEPRECATED_OBJC_IMPLEMENTATIONS = YES;
				CLANG_WARN_DIRECT_OBJC_ISA_USAGE = YES_ERROR;
				CLANG_WARN_DOCUMENTATION_COMMENTS = YES;
				CLANG_WARN_EMPTY_BODY = YES;
				CLANG_WARN_ENUM_CONVERSION = YES;
				CLANG_WARN_INFINITE_RECURSION = YES;
				CLANG_WARN_INT_CONVERSION = YES;
				CLANG_WARN_NON_LITERAL_NULL_CONVERSION = YES;
				CLANG_WARN_OBJC_IMPLICIT_RETAIN_SELF = YES;
				CLANG_WARN_OBJC_LITERAL_CONVERSION = YES;
				CLANG_WARN_OBJC_ROOT_CLASS = YES_ERROR;
				CLANG_WARN_QUOTED_INCLUDE_IN_FRAMEWORK_HEADER = YES;
				CLANG_WARN_RANGE_LOOP_ANALYSIS = YES;
				CLANG_WARN_STRICT_PROTOTYPES = YES;
				CLANG_WARN_SUSPICIOUS_MOVE = YES;
				CLANG_WARN_UNGUARDED_AVAILABILITY = YES_AGGRESSIVE;
				CLANG_WARN_UNREACHABLE_CODE = YES;
				CLANG_WARN__DUPLICATE_METHOD_MATCH = YES;
				COPY_PHASE_STRIP = NO;
				DEAD_CODE_STRIPPING = YES;
				DEBUG_INFORMATION_FORMAT = "dwarf-with-dsym";
				ENABLE_NS_ASSERTIONS = NO;
				ENABLE_STRICT_OBJC_MSGSEND = YES;
				GCC_C_LANGUAGE_STANDARD = gnu11;
				GCC_NO_COMMON_BLOCKS = YES;
				GCC_WARN_64_TO_32_BIT_CONVERSION = YES;
				GCC_WARN_ABOUT_RETURN_TYPE = YES_ERROR;
				GCC_WARN_UNDECLARED_SELECTOR = YES;
				GCC_WARN_UNINITIALIZED_AUTOS = YES_AGGRESSIVE;
				GCC_WARN_UNUSED_FUNCTION = YES;
				GCC_WARN_UNUSED_VARIABLE = YES;
				MTL_ENABLE_DEBUG_INFO = NO;
				MTL_FAST_MATH = YES;
				SWIFT_COMPILATION_MODE = wholemodule;
				SWIFT_OPTIMIZATION_LEVEL = "-O";
			};
			name = Release;
		};
		CE3E70C828632AC5000CC98E /* Debug */ = {
			isa = XCBuildConfiguration;
			buildSettings = {
				ASSETCATALOG_COMPILER_APPICON_NAME = AppIcon;
				ASSETCATALOG_COMPILER_GLOBAL_ACCENT_COLOR_NAME = AccentColor;
				CODE_SIGN_STYLE = Manual;
				CURRENT_PROJECT_VERSION = 1;
				DEVELOPMENT_TEAM = "";
				ENABLE_PREVIEWS = YES;
				GENERATE_INFOPLIST_FILE = YES;
				INFOPLIST_KEY_UIApplicationSceneManifest_Generation = YES;
				INFOPLIST_KEY_UIApplicationSupportsIndirectInputEvents = YES;
				INFOPLIST_KEY_UILaunchScreen_Generation = YES;
				INFOPLIST_KEY_UISupportedInterfaceOrientations_iPad = "UIInterfaceOrientationPortrait UIInterfaceOrientationPortraitUpsideDown UIInterfaceOrientationLandscapeLeft UIInterfaceOrientationLandscapeRight";
				INFOPLIST_KEY_UISupportedInterfaceOrientations_iPhone = "UIInterfaceOrientationPortrait UIInterfaceOrientationLandscapeLeft UIInterfaceOrientationLandscapeRight";
				IPHONEOS_DEPLOYMENT_TARGET = 16.0;
				LD_RUNPATH_SEARCH_PATHS = (
					"$(inherited)",
					"@executable_path/Frameworks",
				);
				MARKETING_VERSION = 1.0;
				PRODUCT_BUNDLE_IDENTIFIER = com.shuvro.SwiftUIPractice;
				PRODUCT_NAME = SwiftUIPractice;
				PROVISIONING_PROFILE_SPECIFIER = "";
				SDKROOT = iphoneos;
				SWIFT_EMIT_LOC_STRINGS = YES;
				SWIFT_VERSION = 5.0;
				TARGETED_DEVICE_FAMILY = "1,2";
			};
			name = Debug;
		};
		CE3E70C928632AC5000CC98E /* Release */ = {
			isa = XCBuildConfiguration;
			buildSettings = {
				ASSETCATALOG_COMPILER_APPICON_NAME = AppIcon;
				ASSETCATALOG_COMPILER_GLOBAL_ACCENT_COLOR_NAME = AccentColor;
				CODE_SIGN_STYLE = Manual;
				CURRENT_PROJECT_VERSION = 1;
				DEVELOPMENT_TEAM = "";
				ENABLE_PREVIEWS = YES;
				GENERATE_INFOPLIST_FILE = YES;
				INFOPLIST_KEY_UIApplicationSceneManifest_Generation = YES;
				INFOPLIST_KEY_UIApplicationSupportsIndirectInputEvents = YES;
				INFOPLIST_KEY_UILaunchScreen_Generation = YES;
				INFOPLIST_KEY_UISupportedInterfaceOrientations_iPad = "UIInterfaceOrientationPortrait UIInterfaceOrientationPortraitUpsideDown UIInterfaceOrientationLandscapeLeft UIInterfaceOrientationLandscapeRight";
				INFOPLIST_KEY_UISupportedInterfaceOrientations_iPhone = "UIInterfaceOrientationPortrait UIInterfaceOrientationLandscapeLeft UIInterfaceOrientationLandscapeRight";
				IPHONEOS_DEPLOYMENT_TARGET = 16.0;
				LD_RUNPATH_SEARCH_PATHS = (
					"$(inherited)",
					"@executable_path/Frameworks",
				);
				MARKETING_VERSION = 1.0;
				PRODUCT_BUNDLE_IDENTIFIER = com.shuvro.SwiftUIPractice;
				PRODUCT_NAME = SwiftUIPractice;
				PROVISIONING_PROFILE_SPECIFIER = "";
				SDKROOT = iphoneos;
				SWIFT_EMIT_LOC_STRINGS = YES;
				SWIFT_VERSION = 5.0;
				TARGETED_DEVICE_FAMILY = "1,2";
				VALIDATE_PRODUCT = YES;
			};
			name = Release;
		};
/* End XCBuildConfiguration section */

/* Begin XCConfigurationList section */
		CE3E70AD28632AC4000CC98E /* Build configuration list for PBXProject "SwiftUIPractice" */ = {
			isa = XCConfigurationList;
			buildConfigurations = (
				CE3E70C528632AC5000CC98E /* Debug */,
				CE3E70C628632AC5000CC98E /* Release */,
			);
			defaultConfigurationIsVisible = 0;
			defaultConfigurationName = Release;
		};
		CE3E70C728632AC5000CC98E /* Build configuration list for PBXNativeTarget "SwiftUIPractice (iOS)" */ = {
			isa = XCConfigurationList;
			buildConfigurations = (
				CE3E70C828632AC5000CC98E /* Debug */,
				CE3E70C928632AC5000CC98E /* Release */,
			);
			defaultConfigurationIsVisible = 0;
			defaultConfigurationName = Release;
		};
/* End XCConfigurationList section */
	};
	rootObject = CE3E70AA28632AC4000CC98E /* Project object */;
}
